# Written by `make sync`: the project identity it applied last.
# Don't edit this file. Change project.env and run `make sync` instead.
PROJECT_DOMAIN=chowki.dev
GITHUB_OWNER=852hamza
GITHUB_REPO=chowki
WEBSITE_URL=https://852hamza.github.io/chowki
DOCS_URL=https://852hamza.github.io/chowki
# Values of earlier identities. `make sync-check` fails if one appears again.
RETIRED=https://chowki.dev
RETIRED=https://chowki.dev/docs
RETIRED=https://github.com/852hamza/chowki/tree/main/docs
